
Microsoft Visual Studio Solution File, Format Version 12.00
# Visual Studio Version 17
VisualStudioVersion = 17.5.33103.201
MinimumVisualStudioVersion = 10.0.40219.1
Project("{9A19103F-16F7-4668-BE54-9A1E7A4F7556}") = "ozakboy.Help", "ozakboy.Help.csproj", "{6F180FDE-3B1B-4179-9ABD-C12D07A4FCAC}"
EndProject
Project("{FAE04EC0-301F-11D3-BF4B-00C04F79EFBC}") = "Help.test", "..\Help.test\Help.test.csproj", "{19DC4D55-A27C-4ED5-99C5-BF7C450D5454}"
EndProject
Global
	GlobalSection(SolutionConfigurationPlatforms) = preSolution
		Debug|Any CPU = Debug|Any CPU
		Release|Any CPU = Release|Any CPU
	EndGlobalSection
	GlobalSection(ProjectConfigurationPlatforms) = postSolution
		{6F180FDE-3B1B-4179-9ABD-C12D07A4FCAC}.Debug|Any CPU.ActiveCfg = Debug|Any CPU
		{6F180FDE-3B1B-4179-9ABD-C12D07A4FCAC}.Debug|Any CPU.Build.0 = Debug|Any CPU
		{6F180FDE-3B1B-4179-9ABD-C12D07A4FCAC}.Release|Any CPU.ActiveCfg = Release|Any CPU
		{6F180FDE-3B1B-4179-9ABD-C12D07A4FCAC}.Release|Any CPU.Build.0 = Release|Any CPU
		{19DC4D55-A27C-4ED5-99C5-BF7C450D5454}.Debug|Any CPU.ActiveCfg = Debug|Any CPU
		{19DC4D55-A27C-4ED5-99C5-BF7C450D5454}.Debug|Any CPU.Build.0 = Debug|Any CPU
		{19DC4D55-A27C-4ED5-99C5-BF7C450D5454}.Release|Any CPU.ActiveCfg = Release|Any CPU
		{19DC4D55-A27C-4ED5-99C5-BF7C450D5454}.Release|Any CPU.Build.0 = Release|Any CPU
	EndGlobalSection
	GlobalSection(SolutionProperties) = preSolution
		HideSolutionNode = FALSE
	EndGlobalSection
	GlobalSection(ExtensibilityGlobals) = postSolution
		SolutionGuid = {51045692-FFDA-4BB9-93B5-770D584C99EC}
	EndGlobalSection
EndGlobal
